github.com/BurntSushi/toml v1.3.2 h1:o7IhLm0Msx3BaB+n3Ag7L8EVlByGnpq14C4YWiu/gL8=
github.com/BurntSushi/toml v1.3.2/go.mod h1:CxXYINrC8qIiEnFrOxCa7Jy5BFHlXnUU2pbicEuybxQ=
github.com/akiyosi/goqtframelesswindow v0.0.0-20230716140237-a341d42df3c8 h1:yOqvoxofnHODBxSo9/l030IFNPJ7H/cKyzycHj+LkJQ=
github.com/akiyosi/goqtframelesswindow v0.0.0-20230716140237-a341d42df3c8/go.mod h1:739mXLJTAy19GBfA3Z2gitVRHX5NVqrVqygAMPVB21E=
github.com/akiyosi/qt v0.0.0-20230719061055-7747cdc680f3 h1:S1QcbpgrpaJ0XbcNEMhJthmqrqtc7sEfYCqOA5UoVrs=
github.com/akiyosi/qt v0.0.0-20230719061055-7747cdc680f3/go.mod h1:/M/wktam+Uyed7ahwhO+8zsEAe3FWZGA8eq5Sh+QePA=
github.com/akiyosi/qt/internal/binding/files/docs/5.12.0 v0.0.0-20230719061055-7747cdc680f3 h1:CxbG3v48jGLCIMAEbi93USqKgRidyTQ6phy5K9ZDl+E=
github.com/akiyosi/qt/internal/binding/files/docs/5.12.0 v0.0.0-20230719061055-7747cdc680f3/go.mod h1:o1Ta8fcOD7ED+UFh1S2sJGmMYyZgY/0Nhqkayiw9EOI=
github.com/akiyosi/qt/internal/binding/files/docs/5.13.0 v0.0.0-20230719061055-7747cdc680f3 h1:4rrVdzbWIPr/GnF8XiDKvfUT4hi1Pqbo6WxT4JqK3W0=
github.com/akiyosi/qt/internal/binding/files/docs/5.13.0 v0.0.0-20230719061055-7747cdc680f3/go.mod h1:zr7ZzZXZ4UI9WpxGsiaq0S9OHCjo+H/7vU2Oyi6RRWw=
github.com/akiyosi/short_path v0.2.1 h1:1IiEQDNISfLOzs8A4+95vSgAN1Ch2IQY4wUpjZzWU/U=
github.com/akiyosi/short_path v0.2.1/go.mod h1:9ZdnJCTktFi81KorFR9Zihrn8pmRD1UIx0HjASMCu1U=
github.com/akiyosi/w32 v0.0.0-20221111133244-de73be0c7b36 h1:anLmpiDCKkXZv9D7iYznS3dkYS1BPlaMVGy+65azxj8=
github.com/akiyosi/w32 v0.0.0-20221111133244-de73be0c7b36/go.mod h1:2FtFEIlFioFN1gthevKcpsJgo3YWZyFoa+/V7UA4onI=
github.com/atotto/clipboard v0.1.4 h1:EH0zSVneZPSuFR11BlR9YppQTVDbh5+16AmcJi4g1z4=
github.com/atotto/clipboard v0.1.4/go.mod h1:ZY9tmq7sm5xIbd9bOK4onWV4S6X0u6GY7Vn0Yu86PYI=
github.com/bluele/gcache v0.0.2 h1:WcbfdXICg7G/DGBh1PFfcirkWOQV+v077yF1pSy3DGw=
github.com/bluele/gcache v0.0.2/go.mod h1:m15KV+ECjptwSPxKhOhQoAFQVtUFjTVkc3H8o0t/fp0=
github.com/davecgh/go-spew v1.1.0/go.mod h1:J7Y8YcW2NihsgmVo/mv3lAwl/skON4iLHjSsI+c5H38=
github.com/davecgh/go-spew v1.1.1/go.mod h1:J7Y8YcW2NihsgmVo/mv3lAwl/skON4iLHjSsI+c5H38=
github.com/go-text/typesetting v0.0.0-20231202102523-0024ac628562 h1:p5ggfA4XKhXaPqh1rojILvoijLOEiKo5CheLVPcqwxw=
github.com/go-text/typesetting v0.0.0-20231202102523-0024ac628562/go.mod h1:ZTBPu1Pp5k3Hc28GAYUUK0hH3Ou0Sz3nMBpWetRgibc=
github.com/go-text/typesetting v0.0.0-20231206174126-ce41cc83e028 h1:Ml7tuFjpWEaaUcgzQv/yx/oLkyGAFNmgBwVEvvnElGU=
github.com/go-text/typesetting v0.0.0-20231206174126-ce41cc83e028/go.mod h1:MrLApvxyzSW0MhQqLc484jkUWYX4wsEvEqDosB5Io80=
github.com/go-text/typesetting v0.0.0-20231219150831-cc0073efdbb4 h1:MKnPksPov832ct2c9a40QUB+2lgf2pBo7N92TxAAFA8=
github.com/go-text/typesetting v0.0.0-20231219150831-cc0073efdbb4/go.mod h1:MrLApvxyzSW0MhQqLc484jkUWYX4wsEvEqDosB5Io80=
github.com/go-text/typesetting v0.0.0-20231221124458-48cc05a56658 h1:KeDKnC99J3l5qJK4zV13Au2UwPn4N20TnIlM0YvILj8=
github.com/go-text/typesetting v0.0.0-20231221124458-48cc05a56658/go.mod h1:d22AnmeKq/on0HNv73UFriMKc4Ez6EqZAofLhAzpSzI=
github.com/gopherjs/gopherjs v0.0.0-20190411002643-bd77b112433e h1:XWcjeEtTFTOVA9Fs1w7n2XBftk5ib4oZrhzWk0B+3eA=
github.com/gopherjs/gopherjs v0.0.0-20190411002643-bd77b112433e/go.mod h1:wJfORRmW1u3UXTncJ5qlYoELFm8eSnnEO6hX4iZ3EWY=
github.com/jessevdk/go-flags v1.5.0 h1:1jKYvbxEjfUl0fmqTCOfonvskHHXMjBySTLW4y9LFvc=
github.com/jessevdk/go-flags v1.5.0/go.mod h1:Fw0T6WPc1dYxT4mKEZRfG5kJhaTDP9pj1c2EWnYs/m4=
github.com/konsorten/go-windows-terminal-sequences v1.0.1/go.mod h1:T0+1ngSBFLxvqU3pZ+m/2kptfBszLMUkC4ZK/EgS/cQ=
github.com/konsorten/go-windows-terminal-sequences v1.0.2 h1:DB17ag19krx9CFsz4o3enTrPXyIXCl+2iCXH/aMAp9s=
github.com/konsorten/go-windows-terminal-sequences v1.0.2/go.mod h1:T0+1ngSBFLxvqU3pZ+m/2kptfBszLMUkC4ZK/EgS/cQ=
github.com/mattn/go-isatty v0.0.19 h1:JITubQf0MOLdlGRuRq+jtsDlekdYPia9ZFsB8h/APPA=
github.com/mattn/go-isatty v0.0.19/go.mod h1:W+V8PltTTMOvKvAeJH7IuucS94S2C6jfK/D7dTCTo3Y=
github.com/mitchellh/go-homedir v1.1.0 h1:lukF9ziXFxDFPkA1vsr5zpc1XuPDn/wFntq5mG+4E0Y=
github.com/mitchellh/go-homedir v1.1.0/go.mod h1:SfyaCUpYCn1Vlf4IUYiD9fPX4A5wJrkLzIz1N1q0pr0=
github.com/neovim/go-client v1.2.1 h1:kl3PgYgbnBfvaIoGYi3ojyXH0ouY6dJY/rYUCssZKqI=
github.com/neovim/go-client v1.2.1/go.mod h1:EeqCP3z1vJd70JTaH/KXz9RMZ/nIgEFveX83hYnh/7c=
github.com/neovim/go-client v1.2.2-0.20230716041012-dd77a916541b h1:JDchP8fWykRzJLiq5cUQ47vKkP8UY0I1yzgGDTSpYRI=
github.com/neovim/go-client v1.2.2-0.20230716041012-dd77a916541b/go.mod h1:UBsOERb5epbeQT0nyPTZkmUPTffRYBcHvrXXidr1NQQ=
github.com/pmezard/go-difflib v1.0.0/go.mod h1:iKH77koFhYxTK1pcRnkKkqfTogsbg7gZNVY4sRDYZ/4=
github.com/sirupsen/logrus v1.4.1 h1:GL2rEmy6nsikmW0r8opw9JIRScdMF5hA8cOYLH7In1k=
github.com/sirupsen/logrus v1.4.1/go.mod h1:ni0Sbl8bgC9z8RoU9G6nDWqqs/fq4eDPysMBDgk/93Q=
github.com/stretchr/objx v0.1.0/go.mod h1:HFkY916IF+rwdDfMAkV7OtwuqBVzrE8GR6GFx+wExME=
github.com/stretchr/objx v0.1.1/go.mod h1:HFkY916IF+rwdDfMAkV7OtwuqBVzrE8GR6GFx+wExME=
github.com/stretchr/objx v0.2.0/go.mod h1:qt09Ya8vawLte6SNmTgCsAVtYtaKzEcn8ATUoHMkEqE=
github.com/stretchr/testify v1.2.2/go.mod h1:a8OnRcib4nhh0OaRAV+Yts87kKdq0PP7pXfy6kDkUVs=
github.com/stretchr/testify v1.3.0/go.mod h1:M5WIy9Dh21IEIfnGCwXGc5bZfKNJtfHm1UVUgZn+9EI=
github.com/yuin/goldmark v1.4.13/go.mod h1:6yULJ656Px+3vBD8DxQVa3kxgyrAnzto9xy5taEt/CY=
golang.org/x/crypto v0.0.0-20190308221718-c2843e01d9a2/go.mod h1:djNgcEr1/C05ACkg1iLfiJU5Ep61QUkGW8qpdssI0+w=
golang.org/x/crypto v0.0.0-20190418165655-df01cb2cc480/go.mod h1:WFFai1msRO1wXaEeE5yQxYXgSfI8pQAWXbQop6sCtWE=
golang.org/x/image v0.14.0 h1:tNgSxAFe3jC4uYqvZdTr84SZoM1KfwdC9SKIFrLjFn4=
golang.org/x/image v0.14.0/go.mod h1:HUYqC05R2ZcZ3ejNQsIHQDQiwWM4JBqmm6MKANTp4LE=
golang.org/x/mod v0.6.0-dev.0.20220419223038-86c51ed26bb4/go.mod h1:jJ57K6gSWd91VN4djpZkiMVwK6gcyfeH4XE8wZrZaV4=
golang.org/x/net v0.0.0-20190311183353-d8887717615a/go.mod h1:t9HGtf8HONx5eT2rtn7q6eTqICYqUVnKs3thJo3Qplg=
golang.org/x/net v0.0.0-20190420063019-afa5a82059c6/go.mod h1:t9HGtf8HONx5eT2rtn7q6eTqICYqUVnKs3thJo3Qplg=
golang.org/x/net v0.0.0-20220722155237-a158d28d115b/go.mod h1:XRhObCWvk6IyKnWLug+ECip1KBveYUHfp+8e9klMJ9c=
golang.org/x/sync v0.0.0-20220722155255-886fb9371eb4/go.mod h1:RxMgew5VJxzue5/jJTE5uejpjVlOe/izrB70Jof72aM=
golang.org/x/sys v0.0.0-20180905080454-ebe1bf3edb33/go.mod h1:STP8DvDyc/dI5b8T5hshtkjS+E42TnysNCUPdjciGhY=
golang.org/x/sys v0.0.0-20190215142949-d0b11bdaac8a/go.mod h1:STP8DvDyc/dI5b8T5hshtkjS+E42TnysNCUPdjciGhY=
golang.org/x/sys v0.0.0-20190403152447-81d4e9dc473e/go.mod h1:h1NjWce9XRLGQEsW7wpKNCjG9DtNlClVuFLEZdDNbEs=
golang.org/x/sys v0.0.0-20190419153524-e8e3143a4f4a/go.mod h1:h1NjWce9XRLGQEsW7wpKNCjG9DtNlClVuFLEZdDNbEs=
golang.org/x/sys v0.0.0-20210320140829-1e4c9ba3b0c4/go.mod h1:h1NjWce9XRLGQEsW7wpKNCjG9DtNlClVuFLEZdDNbEs=
golang.org/x/sys v0.6.0 h1:MVltZSvRTcU2ljQOhs94SXPftV6DCNnZViHeQps87pQ=
golang.org/x/sys v0.6.0/go.mod h1:oPkhp1MJrh7nUepCBck5+mAzfO9JrbApNNgaTdGDITg=
golang.org/x/text v0.3.0/go.mod h1:NqM8EUOU14njkJ3fqMW+pc6Ldnwhi/IjpwHt7yyuwOQ=
golang.org/x/text v0.14.0 h1:ScX5w1eTa3QqT8oi6+ziP7dTV1S2+ALU0bI+0zXKWiQ=
golang.org/x/text v0.14.0/go.mod h1:18ZOQIKpY8NJVqYksKHtTdi31H5itFRjB5/qKTNYzSU=
golang.org/x/tools v0.0.0-20190420181800-aa740d480789 h1:FF0rjo15h51+N6642mf5S3QuplmKo2aCrJUYkHTx85s=
golang.org/x/tools v0.0.0-20190420181800-aa740d480789/go.mod h1:LCzVGOaR6xXOjkQ3onu1FJEFr0SW1gC7cKk1uF8kGRs=
golang.org/x/tools v0.1.12 h1:VveCTK38A2rkS8ZqFY25HIDFscX5X9OoEhJd3quQmXU=
golang.org/x/tools v0.1.12/go.mod h1:hNGJHUnrk76NpqgfD5Aqm5Crs+Hm0VOH/i9J2+nxYbc=
golang.org/x/tools v0.6.0/go.mod h1:Xwgl3UAJ/d3gWutnCtw505GrjyAbvKui8lOU390QaIU=
